// !$*UTF8*$!
{
	archiveVersion = 1;
	classes = {
	};
	objectVersion = 56;
	objects = {

/* Begin PBXBuildFile section */
		F3189B912A517CA20042CFD2 /* Date+Utils.swift in Sources */ = {isa = PBXBuildFile; fileRef = F3189B902A517CA20042CFD2 /* Date+Utils.swift */; };
		F3189B932A517F6E0042CFD2 /* AccountSummaryViewController+Networking.swift in Sources */ = {isa = PBXBuildFile; fileRef = F3189B922A517F6E0042CFD2 /* AccountSummaryViewController+Networking.swift */; };
		F31CC4612A45790600EA516E /* UIViewController+Utils.swift in Sources */ = {isa = PBXBuildFile; fileRef = F31CC4602A45790600EA516E /* UIViewController+Utils.swift */; };
		F31CC4632A457E5E00EA516E /* MainViewController.swift in Sources */ = {isa = PBXBuildFile; fileRef = F31CC4622A457E5E00EA516E /* MainViewController.swift */; };
		F31CC4662A4667AA00EA516E /* AccountSummaryViewController.swift in Sources */ = {isa = PBXBuildFile; fileRef = F31CC4652A4667AA00EA516E /* AccountSummaryViewController.swift */; };
		F31CC4682A46AD2300EA516E /* AccountSummaryHeaderView.swift in Sources */ = {isa = PBXBuildFile; fileRef = F31CC4672A46AD2300EA516E /* AccountSummaryHeaderView.swift */; };
		F31CC46A2A46ADEC00EA516E /* AccountSummaryHeaderView.xib in Resources */ = {isa = PBXBuildFile; fileRef = F31CC4692A46ADEC00EA516E /* AccountSummaryHeaderView.xib */; };
		F3369CC52A4D4FB3005AABC7 /* Decimal+Utils.swift in Sources */ = {isa = PBXBuildFile; fileRef = F3369CC42A4D4FB3005AABC7 /* Decimal+Utils.swift */; };
		F3369CC72A4D50F9005AABC7 /* CurrencyFormatter.swift in Sources */ = {isa = PBXBuildFile; fileRef = F3369CC62A4D50F9005AABC7 /* CurrencyFormatter.swift */; };
		F3369CD62A4DA043005AABC7 /* CurrencyFormatterTests.swift in Sources */ = {isa = PBXBuildFile; fileRef = F3369CD52A4DA043005AABC7 /* CurrencyFormatterTests.swift */; };
		F3369CD82A4EAC7E005AABC7 /* NSNotificationName.swift in Sources */ = {isa = PBXBuildFile; fileRef = F3369CD72A4EAC7E005AABC7 /* NSNotificationName.swift */; };
		F3369CDC2A4EDF9E005AABC7 /* UITextField+SecureToggle.swift in Sources */ = {isa = PBXBuildFile; fileRef = F3369CDB2A4EDF9E005AABC7 /* UITextField+SecureToggle.swift */; };
		F3369CDF2A500E69005AABC7 /* ShakeyBellView.swift in Sources */ = {isa = PBXBuildFile; fileRef = F3369CDE2A500E69005AABC7 /* ShakeyBellView.swift */; };
		F37770CE2A3FFBE600D1DF33 /* AppDelegate.swift in Sources */ = {isa = PBXBuildFile; fileRef = F37770CD2A3FFBE600D1DF33 /* AppDelegate.swift */; };
		F37770D22A3FFBE600D1DF33 /* LoginViewController.swift in Sources */ = {isa = PBXBuildFile; fileRef = F37770D12A3FFBE600D1DF33 /* LoginViewController.swift */; };
		F37770D72A3FFBE700D1DF33 /* Assets.xcassets in Resources */ = {isa = PBXBuildFile; fileRef = F37770D62A3FFBE700D1DF33 /* Assets.xcassets */; };
		F37770DA2A3FFBE700D1DF33 /* LaunchScreen.storyboard in Resources */ = {isa = PBXBuildFile; fileRef = F37770D82A3FFBE700D1DF33 /* LaunchScreen.storyboard */; };
		F37770E42A3FFF6E00D1DF33 /* LoginView.swift in Sources */ = {isa = PBXBuildFile; fileRef = F37770E32A3FFF6E00D1DF33 /* LoginView.swift */; };
		F38A2CF72A41693A005FD03F /* OnboardingContainerViewController.swift in Sources */ = {isa = PBXBuildFile; fileRef = F38A2CF62A41693A005FD03F /* OnboardingContainerViewController.swift */; };
		F38A2CF92A4173CC005FD03F /* OnboardingViewController.swift in Sources */ = {isa = PBXBuildFile; fileRef = F38A2CF82A4173CC005FD03F /* OnboardingViewController.swift */; };
		F38A2CFB2A42F759005FD03F /* DummyViewController.swift in Sources */ = {isa = PBXBuildFile; fileRef = F38A2CFA2A42F759005FD03F /* DummyViewController.swift */; };
		F38A2CFE2A435FCA005FD03F /* LocalState.swift in Sources */ = {isa = PBXBuildFile; fileRef = F38A2CFD2A435FCA005FD03F /* LocalState.swift */; };
		F3CCE0B12A49547800442CFE /* AccountSummaryCell.swift in Sources */ = {isa = PBXBuildFile; fileRef = F3CCE0B02A49547800442CFE /* AccountSummaryCell.swift */; };
		F3D111B12A52A8A8001E3A90 /* ProfileTests.swift in Sources */ = {isa = PBXBuildFile; fileRef = F3D111B02A52A8A8001E3A90 /* ProfileTests.swift */; };
		F3D111B32A52AA38001E3A90 /* AccountTests.swift in Sources */ = {isa = PBXBuildFile; fileRef = F3D111B22A52AA38001E3A90 /* AccountTests.swift */; };
		F3D111B52A52C705001E3A90 /* SkeletonLoadable.swift in Sources */ = {isa = PBXBuildFile; fileRef = F3D111B42A52C705001E3A90 /* SkeletonLoadable.swift */; };
		F3D111B72A52C91D001E3A90 /* SkeletonCell.swift in Sources */ = {isa = PBXBuildFile; fileRef = F3D111B62A52C91D001E3A90 /* SkeletonCell.swift */; };
/* End PBXBuildFile section */

/* Begin PBXContainerItemProxy section */
		F3369CD02A4D9CD9005AABC7 /* PBXContainerItemProxy */ = {
			isa = PBXContainerItemProxy;
			containerPortal = F37770C22A3FFBE600D1DF33 /* Project object */;
			proxyType = 1;
			remoteGlobalIDString = F37770C92A3FFBE600D1DF33;
			remoteInfo = Bankapp;
		};
/* End PBXContainerItemProxy section */

/* Begin PBXFileReference section */
		F3189B902A517CA20042CFD2 /* Date+Utils.swift */ = {isa = PBXFileReference; lastKnownFileType = sourcecode.swift; path = "Date+Utils.swift"; sourceTree = "<group>"; };
		F3189B922A517F6E0042CFD2 /* AccountSummaryViewController+Networking.swift */ = {isa = PBXFileReference; lastKnownFileType = sourcecode.swift; path = "AccountSummaryViewController+Networking.swift"; sourceTree = "<group>"; };
		F31CC4602A45790600EA516E /* UIViewController+Utils.swift */ = {isa = PBXFileReference; lastKnownFileType = sourcecode.swift; path = "UIViewController+Utils.swift"; sourceTree = "<group>"; };
		F31CC4622A457E5E00EA516E /* MainViewController.swift */ = {isa = PBXFileReference; lastKnownFileType = sourcecode.swift; path = MainViewController.swift; sourceTree = "<group>"; };
		F31CC4652A4667AA00EA516E /* AccountSummaryViewController.swift */ = {isa = PBXFileReference; lastKnownFileType = sourcecode.swift; path = AccountSummaryViewController.swift; sourceTree = "<group>"; };
		F31CC4672A46AD2300EA516E /* AccountSummaryHeaderView.swift */ = {isa = PBXFileReference; lastKnownFileType = sourcecode.swift; path = AccountSummaryHeaderView.swift; sourceTree = "<group>"; };
		F31CC4692A46ADEC00EA516E /* AccountSummaryHeaderView.xib */ = {isa = PBXFileReference; lastKnownFileType = file.xib; path = AccountSummaryHeaderView.xib; sourceTree = "<group>"; };
		F3369CC42A4D4FB3005AABC7 /* Decimal+Utils.swift */ = {isa = PBXFileReference; lastKnownFileType = sourcecode.swift; path = "Decimal+Utils.swift"; sourceTree = "<group>"; };
		F3369CC62A4D50F9005AABC7 /* CurrencyFormatter.swift */ = {isa = PBXFileReference; lastKnownFileType = sourcecode.swift; path = CurrencyFormatter.swift; sourceTree = "<group>"; };
		F3369CCC2A4D9CD9005AABC7 /* BankappUnitTests.xctest */ = {isa = PBXFileReference; explicitFileType = wrapper.cfbundle; includeInIndex = 0; path = BankappUnitTests.xctest; sourceTree = BUILT_PRODUCTS_DIR; };
		F3369CD52A4DA043005AABC7 /* CurrencyFormatterTests.swift */ = {isa = PBXFileReference; lastKnownFileType = sourcecode.swift; path = CurrencyFormatterTests.swift; sourceTree = "<group>"; };
		F3369CD72A4EAC7E005AABC7 /* NSNotificationName.swift */ = {isa = PBXFileReference; lastKnownFileType = sourcecode.swift; path = NSNotificationName.swift; sourceTree = "<group>"; };
		F3369CDB2A4EDF9E005AABC7 /* UITextField+SecureToggle.swift */ = {isa = PBXFileReference; lastKnownFileType = sourcecode.swift; path = "UITextField+SecureToggle.swift"; sourceTree = "<group>"; };
		F3369CDE2A500E69005AABC7 /* ShakeyBellView.swift */ = {isa = PBXFileReference; lastKnownFileType = sourcecode.swift; path = ShakeyBellView.swift; sourceTree = "<group>"; };
		F37770CA2A3FFBE600D1DF33 /* Bankapp.app */ = {isa = PBXFileReference; explicitFileType = wrapper.application; includeInIndex = 0; path = Bankapp.app; sourceTree = BUILT_PRODUCTS_DIR; };
		F37770CD2A3FFBE600D1DF33 /* AppDelegate.swift */ = {isa = PBXFileReference; lastKnownFileType = sourcecode.swift; path = AppDelegate.swift; sourceTree = "<group>"; };
		F37770D12A3FFBE600D1DF33 /* LoginViewController.swift */ = {isa = PBXFileReference; lastKnownFileType = sourcecode.swift; path = LoginViewController.swift; sourceTree = "<group>"; };
		F37770D62A3FFBE700D1DF33 /* Assets.xcassets */ = {isa = PBXFileReference; lastKnownFileType = folder.assetcatalog; path = Assets.xcassets; sourceTree = "<group>"; };
		F37770D92A3FFBE700D1DF33 /* Base */ = {isa = PBXFileReference; lastKnownFileType = file.storyboard; name = Base; path = Base.lproj/LaunchScreen.storyboard; sourceTree = "<group>"; };
		F37770DB2A3FFBE700D1DF33 /* Info.plist */ = {isa = PBXFileReference; lastKnownFileType = text.plist.xml; path = Info.plist; sourceTree = "<group>"; };
		F37770E32A3FFF6E00D1DF33 /* LoginView.swift */ = {isa = PBXFileReference; lastKnownFileType = sourcecode.swift; path = LoginView.swift; sourceTree = "<group>"; };
		F38A2CF62A41693A005FD03F /* OnboardingContainerViewController.swift */ = {isa = PBXFileReference; lastKnownFileType = sourcecode.swift; path = OnboardingContainerViewController.swift; sourceTree = "<group>"; };
		F38A2CF82A4173CC005FD03F /* OnboardingViewController.swift */ = {isa = PBXFileReference; lastKnownFileType = sourcecode.swift; path = OnboardingViewController.swift; sourceTree = "<group>"; };
		F38A2CFA2A42F759005FD03F /* DummyViewController.swift */ = {isa = PBXFileReference; lastKnownFileType = sourcecode.swift; path = DummyViewController.swift; sourceTree = "<group>"; };
		F38A2CFD2A435FCA005FD03F /* LocalState.swift */ = {isa = PBXFileReference; lastKnownFileType = sourcecode.swift; path = LocalState.swift; sourceTree = "<group>"; };
		F3CCE0B02A49547800442CFE /* AccountSummaryCell.swift */ = {isa = PBXFileReference; lastKnownFileType = sourcecode.swift; path = AccountSummaryCell.swift; sourceTree = "<group>"; };
		F3D111B02A52A8A8001E3A90 /* ProfileTests.swift */ = {isa = PBXFileReference; lastKnownFileType = sourcecode.swift; path = ProfileTests.swift; sourceTree = "<group>"; };
		F3D111B22A52AA38001E3A90 /* AccountTests.swift */ = {isa = PBXFileReference; lastKnownFileType = sourcecode.swift; path = AccountTests.swift; sourceTree = "<group>"; };
		F3D111B42A52C705001E3A90 /* SkeletonLoadable.swift */ = {isa = PBXFileReference; lastKnownFileType = sourcecode.swift; path = SkeletonLoadable.swift; sourceTree = "<group>"; };
		F3D111B62A52C91D001E3A90 /* SkeletonCell.swift */ = {isa = PBXFileReference; lastKnownFileType = sourcecode.swift; path = SkeletonCell.swift; sourceTree = "<group>"; };
/* End PBXFileReference section */

/* Begin PBXFrameworksBuildPhase section */
		F3369CC92A4D9CD9005AABC7 /* Frameworks */ = {
			isa = PBXFrameworksBuildPhase;
			buildActionMask = 2147483647;
			files = (
			);
			runOnlyForDeploymentPostprocessing = 0;
		};
		F37770C72A3FFBE600D1DF33 /* Frameworks */ = {
			isa = PBXFrameworksBuildPhase;
			buildActionMask = 2147483647;
			files = (
			);
			runOnlyForDeploymentPostprocessing = 0;
		};
/* End PBXFrameworksBuildPhase section */

/* Begin PBXGroup section */
		F31CC4642A46672500EA516E /* AccountSummary */ = {
			isa = PBXGroup;
			children = (
				F31CC4652A4667AA00EA516E /* AccountSummaryViewController.swift */,
				F3189B922A517F6E0042CFD2 /* AccountSummaryViewController+Networking.swift */,
				F3CCE0AE2A4952F800442CFE /* Header */,
				F3CCE0AF2A49535B00442CFE /* Cells */,
			);
			name = AccountSummary;
			sourceTree = "<group>";
		};
		F3369CCD2A4D9CD9005AABC7 /* BankappUnitTests */ = {
			isa = PBXGroup;
			children = (
				F3D111AF2A52A85F001E3A90 /* AccountSummary */,
				F3D111AE2A52A811001E3A90 /* Utils */,
			);
			path = BankappUnitTests;
			sourceTree = "<group>";
		};
		F3369CDD2A500DBB005AABC7 /* Components */ = {
			isa = PBXGroup;
			children = (
				F3369CDE2A500E69005AABC7 /* ShakeyBellView.swift */,
			);
			path = Components;
			sourceTree = "<group>";
		};
		F37770C12A3FFBE600D1DF33 = {
			isa = PBXGroup;
			children = (
				F37770CC2A3FFBE600D1DF33 /* Bankapp */,
				F3369CCD2A4D9CD9005AABC7 /* BankappUnitTests */,
				F37770CB2A3FFBE600D1DF33 /* Products */,
			);
			sourceTree = "<group>";
		};
		F37770CB2A3FFBE600D1DF33 /* Products */ = {
			isa = PBXGroup;
			children = (
				F37770CA2A3FFBE600D1DF33 /* Bankapp.app */,
				F3369CCC2A4D9CD9005AABC7 /* BankappUnitTests.xctest */,
			);
			name = Products;
			sourceTree = "<group>";
		};
		F37770CC2A3FFBE600D1DF33 /* Bankapp */ = {
			isa = PBXGroup;
			children = (
				F37770CD2A3FFBE600D1DF33 /* AppDelegate.swift */,
				F31CC4622A457E5E00EA516E /* MainViewController.swift */,
				F37770E22A3FFEF500D1DF33 /* Login */,
				F38A2CF52A4168C4005FD03F /* Onboarding */,
				F31CC4642A46672500EA516E /* AccountSummary */,
				F38A2CFC2A435F83005FD03F /* Utils */,
				F3369CDD2A500DBB005AABC7 /* Components */,
				F37770E12A3FFE9500D1DF33 /* Files */,
			);
			path = Bankapp;
			sourceTree = "<group>";
		};
		F37770E12A3FFE9500D1DF33 /* Files */ = {
			isa = PBXGroup;
			children = (
				F37770D62A3FFBE700D1DF33 /* Assets.xcassets */,
				F37770D82A3FFBE700D1DF33 /* LaunchScreen.storyboard */,
				F37770DB2A3FFBE700D1DF33 /* Info.plist */,
			);
			name = Files;
			sourceTree = "<group>";
		};
		F37770E22A3FFEF500D1DF33 /* Login */ = {
			isa = PBXGroup;
			children = (
				F37770D12A3FFBE600D1DF33 /* LoginViewController.swift */,
				F37770E32A3FFF6E00D1DF33 /* LoginView.swift */,
				F38A2CFA2A42F759005FD03F /* DummyViewController.swift */,
			);
			path = Login;
			sourceTree = "<group>";
		};
		F38A2CF52A4168C4005FD03F /* Onboarding */ = {
			isa = PBXGroup;
			children = (
				F38A2CF62A41693A005FD03F /* OnboardingContainerViewController.swift */,
				F38A2CF82A4173CC005FD03F /* OnboardingViewController.swift */,
			);
			path = Onboarding;
			sourceTree = "<group>";
		};
		F38A2CFC2A435F83005FD03F /* Utils */ = {
			isa = PBXGroup;
			children = (
				F31CC4602A45790600EA516E /* UIViewController+Utils.swift */,
				F3369CC42A4D4FB3005AABC7 /* Decimal+Utils.swift */,
				F3369CDB2A4EDF9E005AABC7 /* UITextField+SecureToggle.swift */,
				F38A2CFD2A435FCA005FD03F /* LocalState.swift */,
				F3369CC62A4D50F9005AABC7 /* CurrencyFormatter.swift */,
				F3369CD72A4EAC7E005AABC7 /* NSNotificationName.swift */,
				F3189B902A517CA20042CFD2 /* Date+Utils.swift */,
			);
			path = Utils;
			sourceTree = "<group>";
		};
		F3CCE0AE2A4952F800442CFE /* Header */ = {
			isa = PBXGroup;
			children = (
				F31CC4672A46AD2300EA516E /* AccountSummaryHeaderView.swift */,
				F31CC4692A46ADEC00EA516E /* AccountSummaryHeaderView.xib */,
			);
			name = Header;
			sourceTree = "<group>";
		};
		F3CCE0AF2A49535B00442CFE /* Cells */ = {
			isa = PBXGroup;
			children = (
				F3CCE0B02A49547800442CFE /* AccountSummaryCell.swift */,
				F3D111B42A52C705001E3A90 /* SkeletonLoadable.swift */,
				F3D111B62A52C91D001E3A90 /* SkeletonCell.swift */,
			);
			name = Cells;
			sourceTree = "<group>";
		};
		F3D111AE2A52A811001E3A90 /* Utils */ = {
			isa = PBXGroup;
			children = (
				F3369CD52A4DA043005AABC7 /* CurrencyFormatterTests.swift */,
			);
			path = Utils;
			sourceTree = "<group>";
		};
		F3D111AF2A52A85F001E3A90 /* AccountSummary */ = {
			isa = PBXGroup;
			children = (
				F3D111B02A52A8A8001E3A90 /* ProfileTests.swift */,
				F3D111B22A52AA38001E3A90 /* AccountTests.swift */,
			);
			path = AccountSummary;
			sourceTree = "<group>";
		};
/* End PBXGroup section */

/* Begin PBXNativeTarget section */
		F3369CCB2A4D9CD9005AABC7 /* BankappUnitTests */ = {
			isa = PBXNativeTarget;
			buildConfigurationList = F3369CD22A4D9CD9005AABC7 /* Build configuration list for PBXNativeTarget "BankappUnitTests" */;
			buildPhases = (
				F3369CC82A4D9CD9005AABC7 /* Sources */,
				F3369CC92A4D9CD9005AABC7 /* Frameworks */,
				F3369CCA2A4D9CD9005AABC7 /* Resources */,
			);
			buildRules = (
			);
			dependencies = (
				F3369CD12A4D9CD9005AABC7 /* PBXTargetDependency */,
			);
			name = BankappUnitTests;
			productName = BankappUnitTests;
			productReference = F3369CCC2A4D9CD9005AABC7 /* BankappUnitTests.xctest */;
			productType = "com.apple.product-type.bundle.unit-test";
		};
		F37770C92A3FFBE600D1DF33 /* Bankapp */ = {
			isa = PBXNativeTarget;
			buildConfigurationList = F37770DE2A3FFBE700D1DF33 /* Build configuration list for PBXNativeTarget "Bankapp" */;
			buildPhases = (
				F37770C62A3FFBE600D1DF33 /* Sources */,
				F37770C72A3FFBE600D1DF33 /* Frameworks */,
				F37770C82A3FFBE600D1DF33 /* Resources */,
			);
			buildRules = (
			);
			dependencies = (
			);
			name = Bankapp;
			productName = Bankapp;
			productReference = F37770CA2A3FFBE600D1DF33 /* Bankapp.app */;
			productType = "com.apple.product-type.application";
		};
/* End PBXNativeTarget section */

/* Begin PBXProject section */
		F37770C22A3FFBE600D1DF33 /* Project object */ = {
			isa = PBXProject;
			attributes = {
				BuildIndependentTargetsInParallel = 1;
				LastSwiftUpdateCheck = 1430;
				LastUpgradeCheck = 1430;
				TargetAttributes = {
					F3369CCB2A4D9CD9005AABC7 = {
						CreatedOnToolsVersion = 14.3.1;
						LastSwiftMigration = 1430;
						TestTargetID = F37770C92A3FFBE600D1DF33;
					};
					F37770C92A3FFBE600D1DF33 = {
						CreatedOnToolsVersion = 14.3.1;
					};
				};
			};
			buildConfigurationList = F37770C52A3FFBE600D1DF33 /* Build configuration list for PBXProject "Bankapp" */;
			compatibilityVersion = "Xcode 14.0";
			developmentRegion = en;
			hasScannedForEncodings = 0;
			knownRegions = (
				en,
				Base,
			);
			mainGroup = F37770C12A3FFBE600D1DF33;
			productRefGroup = F37770CB2A3FFBE600D1DF33 /* Products */;
			projectDirPath = "";
			projectRoot = "";
			targets = (
				F37770C92A3FFBE600D1DF33 /* Bankapp */,
				F3369CCB2A4D9CD9005AABC7 /* BankappUnitTests */,
			);
		};
/* End PBXProject section */

/* Begin PBXResourcesBuildPhase section */
		F3369CCA2A4D9CD9005AABC7 /* Resources */ = {
			isa = PBXResourcesBuildPhase;
			buildActionMask = 2147483647;
			files = (
			);
			runOnlyForDeploymentPostprocessing = 0;
		};
		F37770C82A3FFBE600D1DF33 /* Resources */ = {
			isa = PBXResourcesBuildPhase;
			buildActionMask = 2147483647;
			files = (
				F31CC46A2A46ADEC00EA516E /* AccountSummaryHeaderView.xib in Resources */,
				F37770DA2A3FFBE700D1DF33 /* LaunchScreen.storyboard in Resources */,
				F37770D72A3FFBE700D1DF33 /* Assets.xcassets in Resources */,
			);
			runOnlyForDeploymentPostprocessing = 0;
		};
/* End PBXResourcesBuildPhase section */

/* Begin PBXSourcesBuildPhase section */
		F3369CC82A4D9CD9005AABC7 /* Sources */ = {
			isa = PBXSourcesBuildPhase;
			buildActionMask = 2147483647;
			files = (
				F3369CD62A4DA043005AABC7 /* CurrencyFormatterTests.swift in Sources */,
				F3D111B32A52AA38001E3A90 /* AccountTests.swift in Sources */,
				F3D111B12A52A8A8001E3A90 /* ProfileTests.swift in Sources */,
			);
			runOnlyForDeploymentPostprocessing = 0;
		};
		F37770C62A3FFBE600D1DF33 /* Sources */ = {
			isa = PBXSourcesBuildPhase;
			buildActionMask = 2147483647;
			files = (
				F31CC4612A45790600EA516E /* UIViewController+Utils.swift in Sources */,
				F3D111B72A52C91D001E3A90 /* SkeletonCell.swift in Sources */,
				F3189B912A517CA20042CFD2 /* Date+Utils.swift in Sources */,
				F37770E42A3FFF6E00D1DF33 /* LoginView.swift in Sources */,
				F38A2CFE2A435FCA005FD03F /* LocalState.swift in Sources */,
				F31CC4682A46AD2300EA516E /* AccountSummaryHeaderView.swift in Sources */,
				F3369CDC2A4EDF9E005AABC7 /* UITextField+SecureToggle.swift in Sources */,
				F38A2CFB2A42F759005FD03F /* DummyViewController.swift in Sources */,
				F3369CC72A4D50F9005AABC7 /* CurrencyFormatter.swift in Sources */,
				F3369CC52A4D4FB3005AABC7 /* Decimal+Utils.swift in Sources */,
				F3369CD82A4EAC7E005AABC7 /* NSNotificationName.swift in Sources */,
				F37770D22A3FFBE600D1DF33 /* LoginViewController.swift in Sources */,
				F3369CDF2A500E69005AABC7 /* ShakeyBellView.swift in Sources */,
				F3CCE0B12A49547800442CFE /* AccountSummaryCell.swift in Sources */,
				F38A2CF92A4173CC005FD03F /* OnboardingViewController.swift in Sources */,
				F31CC4632A457E5E00EA516E /* MainViewController.swift in Sources */,
				F31CC4662A4667AA00EA516E /* AccountSummaryViewController.swift in Sources */,
				F37770CE2A3FFBE600D1DF33 /* AppDelegate.swift in Sources */,
				F38A2CF72A41693A005FD03F /* OnboardingContainerViewController.swift in Sources */,
				F3D111B52A52C705001E3A90 /* SkeletonLoadable.swift in Sources */,
				F3189B932A517F6E0042CFD2 /* AccountSummaryViewController+Networking.swift in Sources */,
			);
			runOnlyForDeploymentPostprocessing = 0;
		};
/* End PBXSourcesBuildPhase section */

/* Begin PBXTargetDependency section */
		F3369CD12A4D9CD9005AABC7 /* PBXTargetDependency */ = {
			isa = PBXTargetDependency;
			target = F37770C92A3FFBE600D1DF33 /* Bankapp */;
			targetProxy = F3369CD02A4D9CD9005AABC7 /* PBXContainerItemProxy */;
		};
/* End PBXTargetDependency section */

/* Begin PBXVariantGroup section */
		F37770D82A3FFBE700D1DF33 /* LaunchScreen.storyboard */ = {
			isa = PBXVariantGroup;
			children = (
				F37770D92A3FFBE700D1DF33 /* Base */,
			);
			name = LaunchScreen.storyboard;
			sourceTree = "<group>";
		};
/* End PBXVariantGroup section */

/* Begin XCBuildConfiguration section */
		F3369CD32A4D9CD9005AABC7 /* Debug */ = {
			isa = XCBuildConfiguration;
			buildSettings = {
				BUNDLE_LOADER = "$(TEST_HOST)";
				CLANG_ENABLE_MODULES = YES;
				CODE_SIGN_STYLE = Automatic;
				CURRENT_PROJECT_VERSION = 1;
				GENERATE_INFOPLIST_FILE = YES;
				MARKETING_VERSION = 1.0;
				PRODUCT_BUNDLE_IDENTIFIER = com.gali.BankappUnitTests;
				PRODUCT_NAME = "$(TARGET_NAME)";
				SWIFT_EMIT_LOC_STRINGS = NO;
				SWIFT_OPTIMIZATION_LEVEL = "-Onone";
				SWIFT_VERSION = 5.0;
				TARGETED_DEVICE_FAMILY = "1,2";
				TEST_HOST = "$(BUILT_PRODUCTS_DIR)/Bankapp.app/$(BUNDLE_EXECUTABLE_FOLDER_PATH)/Bankapp";
			};
			name = Debug;
		};
		F3369CD42A4D9CD9005AABC7 /* Release */ = {
			isa = XCBuildConfiguration;
			buildSettings = {
				BUNDLE_LOADER = "$(TEST_HOST)";
				CLANG_ENABLE_MODULES = YES;
				CODE_SIGN_STYLE = Automatic;
				CURRENT_PROJECT_VERSION = 1;
				GENERATE_INFOPLIST_FILE = YES;
				MARKETING_VERSION = 1.0;
				PRODUCT_BUNDLE_IDENTIFIER = com.gali.BankappUnitTests;
				PRODUCT_NAME = "$(TARGET_NAME)";
				SWIFT_EMIT_LOC_STRINGS = NO;
				SWIFT_VERSION = 5.0;
				TARGETED_DEVICE_FAMILY = "1,2";
				TEST_HOST = "$(BUILT_PRODUCTS_DIR)/Bankapp.app/$(BUNDLE_EXECUTABLE_FOLDER_PATH)/Bankapp";
			};
			name = Release;
		};
		F37770DC2A3FFBE700D1DF33 /* Debug */ = {
			isa = XCBuildConfiguration;
			buildSettings = {
				ALWAYS_SEARCH_USER_PATHS = NO;
				CLANG_ANALYZER_NONNULL = YES;
				CLANG_ANALYZER_NUMBER_OBJECT_CONVERSION = YES_AGGRESSIVE;
				CLANG_CXX_LANGUAGE_STANDARD = "gnu++20";
				CLANG_ENABLE_MODULES = YES;
				CLANG_ENABLE_OBJC_ARC = YES;
				CLANG_ENABLE_OBJC_WEAK = YES;
				CLANG_WARN_BLOCK_CAPTURE_AUTORELEASING = YES;
				CLANG_WARN_BOOL_CONVERSION = YES;
				CLANG_WARN_COMMA = YES;
				CLANG_WARN_CONSTANT_CONVERSION = YES;
				CLANG_WARN_DEPRECATED_OBJC_IMPLEMENTATIONS = YES;
				CLANG_WARN_DIRECT_OBJC_ISA_USAGE = YES_ERROR;
				CLANG_WARN_DOCUMENTATION_COMMENTS = YES;
				CLANG_WARN_EMPTY_BODY = YES;
				CLANG_WARN_ENUM_CONVERSION = YES;
				CLANG_WARN_INFINITE_RECURSION = YES;
				CLANG_WARN_INT_CONVERSION = YES;
				CLANG_WARN_NON_LITERAL_NULL_CONVERSION = YES;
				CLANG_WARN_OBJC_IMPLICIT_RETAIN_SELF = YES;
				CLANG_WARN_OBJC_LITERAL_CONVERSION = YES;
				CLANG_WARN_OBJC_ROOT_CLASS = YES_ERROR;
				CLANG_WARN_QUOTED_INCLUDE_IN_FRAMEWORK_HEADER = YES;
				CLANG_WARN_RANGE_LOOP_ANALYSIS = YES;
				CLANG_WARN_STRICT_PROTOTYPES = YES;
				CLANG_WARN_SUSPICIOUS_MOVE = YES;
				CLANG_WARN_UNGUARDED_AVAILABILITY = YES_AGGRESSIVE;
				CLANG_WARN_UNREACHABLE_CODE = YES;
				CLANG_WARN__DUPLICATE_METHOD_MATCH = YES;
				COPY_PHASE_STRIP = NO;
				DEBUG_INFORMATION_FORMAT = dwarf;
				ENABLE_STRICT_OBJC_MSGSEND = YES;
				ENABLE_TESTABILITY = YES;
				GCC_C_LANGUAGE_STANDARD = gnu11;
				GCC_DYNAMIC_NO_PIC = NO;
				GCC_NO_COMMON_BLOCKS = YES;
				GCC_OPTIMIZATION_LEVEL = 0;
				GCC_PREPROCESSOR_DEFINITIONS = (
					"DEBUG=1",
					"$(inherited)",
				);
				GCC_WARN_64_TO_32_BIT_CONVERSION = YES;
				GCC_WARN_ABOUT_RETURN_TYPE = YES_ERROR;
				GCC_WARN_UNDECLARED_SELECTOR = YES;
				GCC_WARN_UNINITIALIZED_AUTOS = YES_AGGRESSIVE;
				GCC_WARN_UNUSED_FUNCTION = YES;
				GCC_WARN_UNUSED_VARIABLE = YES;
				IPHONEOS_DEPLOYMENT_TARGET = 16.4;
				MTL_ENABLE_DEBUG_INFO = INCLUDE_SOURCE;
				MTL_FAST_MATH = YES;
				ONLY_ACTIVE_ARCH = YES;
				SDKROOT = iphoneos;
				SWIFT_ACTIVE_COMPILATION_CONDITIONS = DEBUG;
				SWIFT_OPTIMIZATION_LEVEL = "-Onone";
			};
			name = Debug;
		};
		F37770DD2A3FFBE700D1DF33 /* Release */ = {
			isa = XCBuildConfiguration;
			buildSettings = {
				ALWAYS_SEARCH_USER_PATHS = NO;
				CLANG_ANALYZER_NONNULL = YES;
				CLANG_ANALYZER_NUMBER_OBJECT_CONVERSION = YES_AGGRESSIVE;
				CLANG_CXX_LANGUAGE_STANDARD = "gnu++20";
				CLANG_ENABLE_MODULES = YES;
				CLANG_ENABLE_OBJC_ARC = YES;
				CLANG_ENABLE_OBJC_WEAK = YES;
				CLANG_WARN_BLOCK_CAPTURE_AUTORELEASING = YES;
				CLANG_WARN_BOOL_CONVERSION = YES;
				CLANG_WARN_COMMA = YES;
				CLANG_WARN_CONSTANT_CONVERSION = YES;
				CLANG_WARN_DEPRECATED_OBJC_IMPLEMENTATIONS = YES;
				CLANG_WARN_DIRECT_OBJC_ISA_USAGE = YES_ERROR;
				CLANG_WARN_DOCUMENTATION_COMMENTS = YES;
				CLANG_WARN_EMPTY_BODY = YES;
				CLANG_WARN_ENUM_CONVERSION = YES;
				CLANG_WARN_INFINITE_RECURSION = YES;
				CLANG_WARN_INT_CONVERSION = YES;
				CLANG_WARN_NON_LITERAL_NULL_CONVERSION = YES;
				CLANG_WARN_OBJC_IMPLICIT_RETAIN_SELF = YES;
				CLANG_WARN_OBJC_LITERAL_CONVERSION = YES;
				CLANG_WARN_OBJC_ROOT_CLASS = YES_ERROR;
				CLANG_WARN_QUOTED_INCLUDE_IN_FRAMEWORK_HEADER = YES;
				CLANG_WARN_RANGE_LOOP_ANALYSIS = YES;
				CLANG_WARN_STRICT_PROTOTYPES = YES;
				CLANG_WARN_SUSPICIOUS_MOVE = YES;
				CLANG_WARN_UNGUARDED_AVAILABILITY = YES_AGGRESSIVE;
				CLANG_WARN_UNREACHABLE_CODE = YES;
				CLANG_WARN__DUPLICATE_METHOD_MATCH = YES;
				COPY_PHASE_STRIP = NO;
				DEBUG_INFORMATION_FORMAT = "dwarf-with-dsym";
				ENABLE_NS_ASSERTIONS = NO;
				ENABLE_STRICT_OBJC_MSGSEND = YES;
				GCC_C_LANGUAGE_STANDARD = gnu11;
				GCC_NO_COMMON_BLOCKS = YES;
				GCC_WARN_64_TO_32_BIT_CONVERSION = YES;
				GCC_WARN_ABOUT_RETURN_TYPE = YES_ERROR;
				GCC_WARN_UNDECLARED_SELECTOR = YES;
				GCC_WARN_UNINITIALIZED_AUTOS = YES_AGGRESSIVE;
				GCC_WARN_UNUSED_FUNCTION = YES;
				GCC_WARN_UNUSED_VARIABLE = YES;
				IPHONEOS_DEPLOYMENT_TARGET = 16.4;
				MTL_ENABLE_DEBUG_INFO = NO;
				MTL_FAST_MATH = YES;
				SDKROOT = iphoneos;
				SWIFT_COMPILATION_MODE = wholemodule;
				SWIFT_OPTIMIZATION_LEVEL = "-O";
				VALIDATE_PRODUCT = YES;
			};
			name = Release;
		};
		F37770DF2A3FFBE700D1DF33 /* Debug */ = {
			isa = XCBuildConfiguration;
			buildSettings = {
				ASSETCATALOG_COMPILER_APPICON_NAME = AppIcon;
				ASSETCATALOG_COMPILER_GLOBAL_ACCENT_COLOR_NAME = AccentColor;
				CODE_SIGN_STYLE = Automatic;
				CURRENT_PROJECT_VERSION = 1;
				DEVELOPMENT_TEAM = WT2DZRQ5QP;
				GENERATE_INFOPLIST_FILE = YES;
				INFOPLIST_FILE = Bankapp/Info.plist;
				INFOPLIST_KEY_UIApplicationSupportsIndirectInputEvents = YES;
				INFOPLIST_KEY_UILaunchStoryboardName = LaunchScreen;
				INFOPLIST_KEY_UISupportedInterfaceOrientations_iPad = "UIInterfaceOrientationPortrait UIInterfaceOrientationPortraitUpsideDown UIInterfaceOrientationLandscapeLeft UIInterfaceOrientationLandscapeRight";
				INFOPLIST_KEY_UISupportedInterfaceOrientations_iPhone = "UIInterfaceOrientationPortrait UIInterfaceOrientationLandscapeLeft UIInterfaceOrientationLandscapeRight";
				LD_RUNPATH_SEARCH_PATHS = (
					"$(inherited)",
					"@executable_path/Frameworks",
				);
				MARKETING_VERSION = 1.0;
				PRODUCT_BUNDLE_IDENTIFIER = com.gali.Bankapp;
				PRODUCT_NAME = "$(TARGET_NAME)";
				SWIFT_EMIT_LOC_STRINGS = YES;
				SWIFT_VERSION = 5.0;
				TARGETED_DEVICE_FAMILY = "1,2";
			};
			name = Debug;
		};
		F37770E02A3FFBE700D1DF33 /* Release */ = {
			isa = XCBuildConfiguration;
			buildSettings = {
				ASSETCATALOG_COMPILER_APPICON_NAME = AppIcon;
				ASSETCATALOG_COMPILER_GLOBAL_ACCENT_COLOR_NAME = AccentColor;
				CODE_SIGN_STYLE = Automatic;
				CURRENT_PROJECT_VERSION = 1;
				DEVELOPMENT_TEAM = WT2DZRQ5QP;
				GENERATE_INFOPLIST_FILE = YES;
				INFOPLIST_FILE = Bankapp/Info.plist;
				INFOPLIST_KEY_UIApplicationSupportsIndirectInputEvents = YES;
				INFOPLIST_KEY_UILaunchStoryboardName = LaunchScreen;
				INFOPLIST_KEY_UISupportedInterfaceOrientations_iPad = "UIInterfaceOrientationPortrait UIInterfaceOrientationPortraitUpsideDown UIInterfaceOrientationLandscapeLeft UIInterfaceOrientationLandscapeRight";
				INFOPLIST_KEY_UISupportedInterfaceOrientations_iPhone = "UIInterfaceOrientationPortrait UIInterfaceOrientationLandscapeLeft UIInterfaceOrientationLandscapeRight";
				LD_RUNPATH_SEARCH_PATHS = (
					"$(inherited)",
					"@executable_path/Frameworks",
				);
				MARKETING_VERSION = 1.0;
				PRODUCT_BUNDLE_IDENTIFIER = com.gali.Bankapp;
				PRODUCT_NAME = "$(TARGET_NAME)";
				SWIFT_EMIT_LOC_STRINGS = YES;
				SWIFT_VERSION = 5.0;
				TARGETED_DEVICE_FAMILY = "1,2";
			};
			name = Release;
		};
/* End XCBuildConfiguration section */

/* Begin XCConfigurationList section */
		F3369CD22A4D9CD9005AABC7 /* Build configuration list for PBXNativeTarget "BankappUnitTests" */ = {
			isa = XCConfigurationList;
			buildConfigurations = (
				F3369CD32A4D9CD9005AABC7 /* Debug */,
				F3369CD42A4D9CD9005AABC7 /* Release */,
			);
			defaultConfigurationIsVisible = 0;
			defaultConfigurationName = Release;
		};
		F37770C52A3FFBE600D1DF33 /* Build configuration list for PBXProject "Bankapp" */ = {
			isa = XCConfigurationList;
			buildConfigurations = (
				F37770DC2A3FFBE700D1DF33 /* Debug */,
				F37770DD2A3FFBE700D1DF33 /* Release */,
			);
			defaultConfigurationIsVisible = 0;
			defaultConfigurationName = Release;
		};
		F37770DE2A3FFBE700D1DF33 /* Build configuration list for PBXNativeTarget "Bankapp" */ = {
			isa = XCConfigurationList;
			buildConfigurations = (
				F37770DF2A3FFBE700D1DF33 /* Debug */,
				F37770E02A3FFBE700D1DF33 /* Release */,
			);
			defaultConfigurationIsVisible = 0;
			defaultConfigurationName = Release;
		};
/* End XCConfigurationList section */
	};
	rootObject = F37770C22A3FFBE600D1DF33 /* Project object */;
}
